
Microsoft Visual Studio Solution File, Format Version 12.00
# Visual Studio 15
VisualStudioVersion = 15.0.28307.271
MinimumVisualStudioVersion = 10.0.40219.1
Project("{9A19103F-16F7-4668-BE54-9A1E7A4F7556}") = "Producer", "Producer\Producer.csproj", "{5480B248-7376-4695-82A3-8A9A982F6BD0}"
EndProject
Project("{FAE04EC0-301F-11D3-BF4B-00C04F79EFBC}") = "Consumer", "Consumer\Consumer.csproj", "{4B1AB02B-1650-49F1-A8CE-6870BED71D58}"
EndProject
Global
	GlobalSection(SolutionConfigurationPlatforms) = preSolution
		Debug|Any CPU = Debug|Any CPU
		Release|Any CPU = Release|Any CPU
	EndGlobalSection
	GlobalSection(ProjectConfigurationPlatforms) = postSolution
		{5480B248-7376-4695-82A3-8A9A982F6BD0}.Debug|Any CPU.ActiveCfg = Debug|Any CPU
		{5480B248-7376-4695-82A3-8A9A982F6BD0}.Debug|Any CPU.Build.0 = Debug|Any CPU
		{5480B248-7376-4695-82A3-8A9A982F6BD0}.Release|Any CPU.ActiveCfg = Release|Any CPU
		{5480B248-7376-4695-82A3-8A9A982F6BD0}.Release|Any CPU.Build.0 = Release|Any CPU
		{4B1AB02B-1650-49F1-A8CE-6870BED71D58}.Debug|Any CPU.ActiveCfg = Debug|Any CPU
		{4B1AB02B-1650-49F1-A8CE-6870BED71D58}.Debug|Any CPU.Build.0 = Debug|Any CPU
		{4B1AB02B-1650-49F1-A8CE-6870BED71D58}.Release|Any CPU.ActiveCfg = Release|Any CPU
		{4B1AB02B-1650-49F1-A8CE-6870BED71D58}.Release|Any CPU.Build.0 = Release|Any CPU
	EndGlobalSection
	GlobalSection(SolutionProperties) = preSolution
		HideSolutionNode = FALSE
	EndGlobalSection
	GlobalSection(ExtensibilityGlobals) = postSolution
		SolutionGuid = {1639DC30-BE4C-412B-9AE1-F48395AC37AF}
	EndGlobalSection
EndGlobal
